
Microsoft Visual Studio Solution File, Format Version 12.00
# Visual Studio Version 17
VisualStudioVersion = 17.9.34902.65
MinimumVisualStudioVersion = 10.0.40219.1
Project("{FAE04EC0-301F-11D3-BF4B-00C04F79EFBC}") = "ServerlessAPI", "ServerlessAPI\ServerlessAPI.csproj", "{06BE9F2C-945C-4080-8E5D-B8576745BC7D}"
EndProject
Project("{2150E333-8FDC-42A3-9474-1A3956D46DE8}") = "Solution Items", "Solution Items", "{27BF7E00-53DA-42D4-A46B-14F6721B725F}"
	ProjectSection(SolutionItems) = preProject
		.editorconfig = .editorconfig
	EndProjectSection
EndProject
Project("{2150E333-8FDC-42A3-9474-1A3956D46DE8}") = "UI", "UI", "{292BF25D-5DC5-4A2D-8B77-174A064C936A}"
	ProjectSection(SolutionItems) = preProject
		UI\index.html = UI\index.html
		UI\index.js = UI\index.js
	EndProjectSection
EndProject
Global
	GlobalSection(SolutionConfigurationPlatforms) = preSolution
		Debug|Any CPU = Debug|Any CPU
		Release|Any CPU = Release|Any CPU
	EndGlobalSection
	GlobalSection(ProjectConfigurationPlatforms) = postSolution
		{06BE9F2C-945C-4080-8E5D-B8576745BC7D}.Debug|Any CPU.ActiveCfg = Debug|Any CPU
		{06BE9F2C-945C-4080-8E5D-B8576745BC7D}.Debug|Any CPU.Build.0 = Debug|Any CPU
		{06BE9F2C-945C-4080-8E5D-B8576745BC7D}.Release|Any CPU.ActiveCfg = Release|Any CPU
		{06BE9F2C-945C-4080-8E5D-B8576745BC7D}.Release|Any CPU.Build.0 = Release|Any CPU
	EndGlobalSection
	GlobalSection(SolutionProperties) = preSolution
		HideSolutionNode = FALSE
	EndGlobalSection
	GlobalSection(ExtensibilityGlobals) = postSolution
		SolutionGuid = {F1CE693B-5B42-4785-8796-BBC53C02EB4C}
	EndGlobalSection
EndGlobal
